{
  "name": "web",
  "version": "0.0.1",
  "lockfileVersion": 1,
  "requires": true,
  "dependencies": {
    "@types/node": {
      "version": "12.12.48",
      "resolved": "https://registry.npmjs.org/@types/node/-/node-12.12.48.tgz",
      "integrity": "sha512-m3Nmo/YaDUfYzdCQlxjF5pIy7TNyDTAJhIa//xtHcF0dlgYIBKULKnmloCPtByDxtZXrWV8Pge1AKT6/lRvVWg=="
    },
    "typescript": {
      "version": "3.7.5",
      "resolved": "https://registry.npmjs.org/typescript/-/typescript-3.7.5.tgz",
      "integrity": "sha512-/P5lkRXkWHNAbcJIiHPfRoKqyd7bsyCma1hZNUGfn20qm64T6ZBlrzprymeu918H+mB/0rIg2gGK/BXkhhYgBw=="
    }
  }
}
